
Microsoft Visual Studio Solution File, Format Version 12.00
# Visual Studio Version 16
VisualStudioVersion = 16.0.28803.352
MinimumVisualStudioVersion = 10.0.40219.1
Project("{FAE04EC0-301F-11D3-BF4B-00C04F79EFBC}") = "Photomv", "Photomv\Photomv.csproj", "{051482D1-A25F-452B-80A6-5C1278C662B0}"
EndProject
Project("{9A19103F-16F7-4668-BE54-9A1E7A4F7556}") = "PhotoMVTest", "PhotoMVTest\PhotoMVTest.csproj", "{B85C3E9D-1D54-42EE-9BE3-648C3E37303D}"
EndProject
Global
	GlobalSection(SolutionConfigurationPlatforms) = preSolution
		Debug|Any CPU = Debug|Any CPU
		Release|Any CPU = Release|Any CPU
	EndGlobalSection
	GlobalSection(ProjectConfigurationPlatforms) = postSolution
		{051482D1-A25F-452B-80A6-5C1278C662B0}.Debug|Any CPU.ActiveCfg = Debug|Any CPU
		{051482D1-A25F-452B-80A6-5C1278C662B0}.Debug|Any CPU.Build.0 = Debug|Any CPU
		{051482D1-A25F-452B-80A6-5C1278C662B0}.Release|Any CPU.ActiveCfg = Release|Any CPU
		{051482D1-A25F-452B-80A6-5C1278C662B0}.Release|Any CPU.Build.0 = Release|Any CPU
		{B85C3E9D-1D54-42EE-9BE3-648C3E37303D}.Debug|Any CPU.ActiveCfg = Debug|Any CPU
		{B85C3E9D-1D54-42EE-9BE3-648C3E37303D}.Debug|Any CPU.Build.0 = Debug|Any CPU
		{B85C3E9D-1D54-42EE-9BE3-648C3E37303D}.Release|Any CPU.ActiveCfg = Release|Any CPU
		{B85C3E9D-1D54-42EE-9BE3-648C3E37303D}.Release|Any CPU.Build.0 = Release|Any CPU
	EndGlobalSection
	GlobalSection(SolutionProperties) = preSolution
		HideSolutionNode = FALSE
	EndGlobalSection
	GlobalSection(ExtensibilityGlobals) = postSolution
		SolutionGuid = {E31D7F39-9052-4581-A0F6-F7B7DA45156B}
	EndGlobalSection
EndGlobal
